
Microsoft Visual Studio Solution File, Format Version 12.00
# Visual Studio 2013
VisualStudioVersion = 12.0.30723.0
MinimumVisualStudioVersion = 10.0.40219.1
Project("{FAE04EC0-301F-11D3-BF4B-00C04F79EFBC}") = "TvTuner", "TvTuner\TvTuner.csproj", "{006C7F06-5598-4A38-A5AE-070EF03ACE9B}"
EndProject
Project("{FAE04EC0-301F-11D3-BF4B-00C04F79EFBC}") = "DatabaseStuffer", "DatabaseStuffer\DatabaseStuffer.csproj", "{201706F3-0130-4213-AA3D-BD7AA4982980}"
EndProject
Project("{FAE04EC0-301F-11D3-BF4B-00C04F79EFBC}") = "videoTranscoder", "E:\Data\Visual Studio 2012\Projects\videoTranscoder\videoTranscoder\videoTranscoder.csproj", "{9EC22FF5-10C9-4AB2-AE1E-46AF4F9EE187}"
EndProject
Project("{FAE04EC0-301F-11D3-BF4B-00C04F79EFBC}") = "MovieStuffer", "MovieStuffer\MovieStuffer.csproj", "{38B419A0-BDD0-43E9-9BD2-416526616043}"
EndProject
Project("{FAE04EC0-301F-11D3-BF4B-00C04F79EFBC}") = "tuner2", "tuner2\tuner2.csproj", "{155B39E3-F064-4874-BC48-A46B36DD255D}"
EndProject
Project("{FAE04EC0-301F-11D3-BF4B-00C04F79EFBC}") = "Scratch", "Scratch\Scratch.csproj", "{7EBF9132-C9AA-45D4-925C-DB5437710D0F}"
EndProject
Project("{2150E333-8FDC-42A3-9474-1A3956D46DE8}") = "SelfHost", "SelfHost", "{0495CB59-463A-46C5-BAFD-BA74F9E1BBC1}"
EndProject
Project("{2150E333-8FDC-42A3-9474-1A3956D46DE8}") = "Old", "Old", "{62B6F48C-C1AA-47BD-A68E-6E0D6D8DAE8A}"
EndProject
Project("{FAE04EC0-301F-11D3-BF4B-00C04F79EFBC}") = "TvTunerService", "TvTunerService\TvTunerService.csproj", "{705BAC2E-97DE-4979-9D0A-FF14E44EA03D}"
EndProject
Project("{FAE04EC0-301F-11D3-BF4B-00C04F79EFBC}") = "EZTV", "..\EZTVLib.NET\EZTV\EZTV.csproj", "{A0847B2B-3804-4CCB-9FE5-8AEB5D724CA5}"
EndProject
Project("{FAE04EC0-301F-11D3-BF4B-00C04F79EFBC}") = "MonoTorrent", "..\monotorrent\src\MonoTorrent\MonoTorrent.csproj", "{411A9E0E-FDC6-4E25-828A-0C2CD1CD96F8}"
EndProject
Project("{FAE04EC0-301F-11D3-BF4B-00C04F79EFBC}") = "MonoTorrent.Dht", "..\monotorrent\src\MonoTorrent.Dht\MonoTorrent.Dht.csproj", "{7A2A7E73-FD43-4171-AA34-DA413D35459E}"
EndProject
Global
	GlobalSection(SolutionConfigurationPlatforms) = preSolution
		Debug|Any CPU = Debug|Any CPU
		Release|Any CPU = Release|Any CPU
		Stats|Any CPU = Stats|Any CPU
	EndGlobalSection
	GlobalSection(ProjectConfigurationPlatforms) = postSolution
		{006C7F06-5598-4A38-A5AE-070EF03ACE9B}.Debug|Any CPU.ActiveCfg = Debug|Any CPU
		{006C7F06-5598-4A38-A5AE-070EF03ACE9B}.Debug|Any CPU.Build.0 = Debug|Any CPU
		{006C7F06-5598-4A38-A5AE-070EF03ACE9B}.Release|Any CPU.ActiveCfg = Release|Any CPU
		{006C7F06-5598-4A38-A5AE-070EF03ACE9B}.Release|Any CPU.Build.0 = Release|Any CPU
		{006C7F06-5598-4A38-A5AE-070EF03ACE9B}.Stats|Any CPU.ActiveCfg = Release|Any CPU
		{006C7F06-5598-4A38-A5AE-070EF03ACE9B}.Stats|Any CPU.Build.0 = Release|Any CPU
		{201706F3-0130-4213-AA3D-BD7AA4982980}.Debug|Any CPU.ActiveCfg = Debug|Any CPU
		{201706F3-0130-4213-AA3D-BD7AA4982980}.Debug|Any CPU.Build.0 = Debug|Any CPU
		{201706F3-0130-4213-AA3D-BD7AA4982980}.Release|Any CPU.ActiveCfg = Release|Any CPU
		{201706F3-0130-4213-AA3D-BD7AA4982980}.Release|Any CPU.Build.0 = Release|Any CPU
		{201706F3-0130-4213-AA3D-BD7AA4982980}.Stats|Any CPU.ActiveCfg = Release|Any CPU
		{201706F3-0130-4213-AA3D-BD7AA4982980}.Stats|Any CPU.Build.0 = Release|Any CPU
		{9EC22FF5-10C9-4AB2-AE1E-46AF4F9EE187}.Debug|Any CPU.ActiveCfg = Debug|Any CPU
		{9EC22FF5-10C9-4AB2-AE1E-46AF4F9EE187}.Debug|Any CPU.Build.0 = Debug|Any CPU
		{9EC22FF5-10C9-4AB2-AE1E-46AF4F9EE187}.Release|Any CPU.ActiveCfg = Release|Any CPU
		{9EC22FF5-10C9-4AB2-AE1E-46AF4F9EE187}.Release|Any CPU.Build.0 = Release|Any CPU
		{9EC22FF5-10C9-4AB2-AE1E-46AF4F9EE187}.Stats|Any CPU.ActiveCfg = Release|Any CPU
		{38B419A0-BDD0-43E9-9BD2-416526616043}.Debug|Any CPU.ActiveCfg = Debug|Any CPU
		{38B419A0-BDD0-43E9-9BD2-416526616043}.Debug|Any CPU.Build.0 = Debug|Any CPU
		{38B419A0-BDD0-43E9-9BD2-416526616043}.Release|Any CPU.ActiveCfg = Release|Any CPU
		{38B419A0-BDD0-43E9-9BD2-416526616043}.Release|Any CPU.Build.0 = Release|Any CPU
		{38B419A0-BDD0-43E9-9BD2-416526616043}.Stats|Any CPU.ActiveCfg = Release|Any CPU
		{38B419A0-BDD0-43E9-9BD2-416526616043}.Stats|Any CPU.Build.0 = Release|Any CPU
		{155B39E3-F064-4874-BC48-A46B36DD255D}.Debug|Any CPU.ActiveCfg = Debug|Any CPU
		{155B39E3-F064-4874-BC48-A46B36DD255D}.Debug|Any CPU.Build.0 = Debug|Any CPU
		{155B39E3-F064-4874-BC48-A46B36DD255D}.Release|Any CPU.ActiveCfg = Release|Any CPU
		{155B39E3-F064-4874-BC48-A46B36DD255D}.Release|Any CPU.Build.0 = Release|Any CPU
		{155B39E3-F064-4874-BC48-A46B36DD255D}.Stats|Any CPU.ActiveCfg = Release|Any CPU
		{155B39E3-F064-4874-BC48-A46B36DD255D}.Stats|Any CPU.Build.0 = Release|Any CPU
		{7EBF9132-C9AA-45D4-925C-DB5437710D0F}.Debug|Any CPU.ActiveCfg = Debug|Any CPU
		{7EBF9132-C9AA-45D4-925C-DB5437710D0F}.Debug|Any CPU.Build.0 = Debug|Any CPU
		{7EBF9132-C9AA-45D4-925C-DB5437710D0F}.Release|Any CPU.ActiveCfg = Release|Any CPU
		{7EBF9132-C9AA-45D4-925C-DB5437710D0F}.Release|Any CPU.Build.0 = Release|Any CPU
		{7EBF9132-C9AA-45D4-925C-DB5437710D0F}.Stats|Any CPU.ActiveCfg = Release|Any CPU
		{705BAC2E-97DE-4979-9D0A-FF14E44EA03D}.Debug|Any CPU.ActiveCfg = Debug|Any CPU
		{705BAC2E-97DE-4979-9D0A-FF14E44EA03D}.Debug|Any CPU.Build.0 = Debug|Any CPU
		{705BAC2E-97DE-4979-9D0A-FF14E44EA03D}.Release|Any CPU.ActiveCfg = Release|Any CPU
		{705BAC2E-97DE-4979-9D0A-FF14E44EA03D}.Release|Any CPU.Build.0 = Release|Any CPU
		{705BAC2E-97DE-4979-9D0A-FF14E44EA03D}.Stats|Any CPU.ActiveCfg = Release|Any CPU
		{705BAC2E-97DE-4979-9D0A-FF14E44EA03D}.Stats|Any CPU.Build.0 = Release|Any CPU
		{A0847B2B-3804-4CCB-9FE5-8AEB5D724CA5}.Debug|Any CPU.ActiveCfg = Debug|Any CPU
		{A0847B2B-3804-4CCB-9FE5-8AEB5D724CA5}.Debug|Any CPU.Build.0 = Debug|Any CPU
		{A0847B2B-3804-4CCB-9FE5-8AEB5D724CA5}.Release|Any CPU.ActiveCfg = Release|Any CPU
		{A0847B2B-3804-4CCB-9FE5-8AEB5D724CA5}.Release|Any CPU.Build.0 = Release|Any CPU
		{A0847B2B-3804-4CCB-9FE5-8AEB5D724CA5}.Stats|Any CPU.ActiveCfg = Release|Any CPU
		{A0847B2B-3804-4CCB-9FE5-8AEB5D724CA5}.Stats|Any CPU.Build.0 = Release|Any CPU
		{411A9E0E-FDC6-4E25-828A-0C2CD1CD96F8}.Debug|Any CPU.ActiveCfg = Debug|Any CPU
		{411A9E0E-FDC6-4E25-828A-0C2CD1CD96F8}.Debug|Any CPU.Build.0 = Debug|Any CPU
		{411A9E0E-FDC6-4E25-828A-0C2CD1CD96F8}.Release|Any CPU.ActiveCfg = Release|Any CPU
		{411A9E0E-FDC6-4E25-828A-0C2CD1CD96F8}.Release|Any CPU.Build.0 = Release|Any CPU
		{411A9E0E-FDC6-4E25-828A-0C2CD1CD96F8}.Stats|Any CPU.ActiveCfg = Stats|Any CPU
		{411A9E0E-FDC6-4E25-828A-0C2CD1CD96F8}.Stats|Any CPU.Build.0 = Stats|Any CPU
		{7A2A7E73-FD43-4171-AA34-DA413D35459E}.Debug|Any CPU.ActiveCfg = Debug|Any CPU
		{7A2A7E73-FD43-4171-AA34-DA413D35459E}.Debug|Any CPU.Build.0 = Debug|Any CPU
		{7A2A7E73-FD43-4171-AA34-DA413D35459E}.Release|Any CPU.ActiveCfg = Release|Any CPU
		{7A2A7E73-FD43-4171-AA34-DA413D35459E}.Release|Any CPU.Build.0 = Release|Any CPU
		{7A2A7E73-FD43-4171-AA34-DA413D35459E}.Stats|Any CPU.ActiveCfg = Release|Any CPU
		{7A2A7E73-FD43-4171-AA34-DA413D35459E}.Stats|Any CPU.Build.0 = Release|Any CPU
	EndGlobalSection
	GlobalSection(SolutionProperties) = preSolution
		HideSolutionNode = FALSE
	EndGlobalSection
	GlobalSection(NestedProjects) = preSolution
		{006C7F06-5598-4A38-A5AE-070EF03ACE9B} = {62B6F48C-C1AA-47BD-A68E-6E0D6D8DAE8A}
		{201706F3-0130-4213-AA3D-BD7AA4982980} = {62B6F48C-C1AA-47BD-A68E-6E0D6D8DAE8A}
		{9EC22FF5-10C9-4AB2-AE1E-46AF4F9EE187} = {62B6F48C-C1AA-47BD-A68E-6E0D6D8DAE8A}
		{38B419A0-BDD0-43E9-9BD2-416526616043} = {62B6F48C-C1AA-47BD-A68E-6E0D6D8DAE8A}
		{155B39E3-F064-4874-BC48-A46B36DD255D} = {62B6F48C-C1AA-47BD-A68E-6E0D6D8DAE8A}
		{7EBF9132-C9AA-45D4-925C-DB5437710D0F} = {62B6F48C-C1AA-47BD-A68E-6E0D6D8DAE8A}
		{705BAC2E-97DE-4979-9D0A-FF14E44EA03D} = {0495CB59-463A-46C5-BAFD-BA74F9E1BBC1}
		{A0847B2B-3804-4CCB-9FE5-8AEB5D724CA5} = {0495CB59-463A-46C5-BAFD-BA74F9E1BBC1}
		{411A9E0E-FDC6-4E25-828A-0C2CD1CD96F8} = {0495CB59-463A-46C5-BAFD-BA74F9E1BBC1}
		{7A2A7E73-FD43-4171-AA34-DA413D35459E} = {0495CB59-463A-46C5-BAFD-BA74F9E1BBC1}
	EndGlobalSection
	GlobalSection(CodealikeProperties) = postSolution
		SolutionGuid = 3f2d9cbf-0685-40de-a0e8-a6d8e75f6512
	EndGlobalSection
EndGlobal
